
Microsoft Visual Studio Solution File, Format Version 12.00
# Visual Studio 15
VisualStudioVersion = 15.0.28010.2019
MinimumVisualStudioVersion = 10.0.40219.1
Project("{FAE04EC0-301F-11D3-BF4B-00C04F79EFBC}") = "FDPColumn.Android", "FDPColumn\FDPColumn.Android\FDPColumn.Android.csproj", "{B9DE4CB7-5A32-4BDC-B6C5-7F53D75423A0}"
EndProject
Project("{FAE04EC0-301F-11D3-BF4B-00C04F79EFBC}") = "FDPColumn.iOS", "FDPColumn\FDPColumn.iOS\FDPColumn.iOS.csproj", "{E44B7442-A325-42CF-9DD3-93BEB5C659BE}"
EndProject
Project("{FAE04EC0-301F-11D3-BF4B-00C04F79EFBC}") = "FDPColumn", "FDPColumn\FDPColumn\FDPColumn.csproj", "{774F6F59-9E88-4625-8CA8-0C577920E627}"
EndProject
Global
	GlobalSection(SolutionConfigurationPlatforms) = preSolution
		Ad-Hoc|Any CPU = Ad-Hoc|Any CPU
		Ad-Hoc|iPhone = Ad-Hoc|iPhone
		Ad-Hoc|iPhoneSimulator = Ad-Hoc|iPhoneSimulator
		AppStore|Any CPU = AppStore|Any CPU
		AppStore|iPhone = AppStore|iPhone
		AppStore|iPhoneSimulator = AppStore|iPhoneSimulator
		Debug|Any CPU = Debug|Any CPU
		Debug|iPhone = Debug|iPhone
		Debug|iPhoneSimulator = Debug|iPhoneSimulator
		Release|Any CPU = Release|Any CPU
		Release|iPhone = Release|iPhone
		Release|iPhoneSimulator = Release|iPhoneSimulator
	EndGlobalSection
	GlobalSection(ProjectConfigurationPlatforms) = postSolution
		{B9DE4CB7-5A32-4BDC-B6C5-7F53D75423A0}.Ad-Hoc|Any CPU.ActiveCfg = Release|Any CPU
		{B9DE4CB7-5A32-4BDC-B6C5-7F53D75423A0}.Ad-Hoc|Any CPU.Build.0 = Release|Any CPU
		{B9DE4CB7-5A32-4BDC-B6C5-7F53D75423A0}.Ad-Hoc|Any CPU.Deploy.0 = Release|Any CPU
		{B9DE4CB7-5A32-4BDC-B6C5-7F53D75423A0}.Ad-Hoc|iPhone.ActiveCfg = Release|Any CPU
		{B9DE4CB7-5A32-4BDC-B6C5-7F53D75423A0}.Ad-Hoc|iPhone.Build.0 = Release|Any CPU
		{B9DE4CB7-5A32-4BDC-B6C5-7F53D75423A0}.Ad-Hoc|iPhone.Deploy.0 = Release|Any CPU
		{B9DE4CB7-5A32-4BDC-B6C5-7F53D75423A0}.Ad-Hoc|iPhoneSimulator.ActiveCfg = Release|Any CPU
		{B9DE4CB7-5A32-4BDC-B6C5-7F53D75423A0}.Ad-Hoc|iPhoneSimulator.Build.0 = Release|Any CPU
		{B9DE4CB7-5A32-4BDC-B6C5-7F53D75423A0}.Ad-Hoc|iPhoneSimulator.Deploy.0 = Release|Any CPU
		{B9DE4CB7-5A32-4BDC-B6C5-7F53D75423A0}.AppStore|Any CPU.ActiveCfg = Release|Any CPU
		{B9DE4CB7-5A32-4BDC-B6C5-7F53D75423A0}.AppStore|Any CPU.Build.0 = Release|Any CPU
		{B9DE4CB7-5A32-4BDC-B6C5-7F53D75423A0}.AppStore|Any CPU.Deploy.0 = Release|Any CPU
		{B9DE4CB7-5A32-4BDC-B6C5-7F53D75423A0}.AppStore|iPhone.ActiveCfg = Release|Any CPU
		{B9DE4CB7-5A32-4BDC-B6C5-7F53D75423A0}.AppStore|iPhone.Build.0 = Release|Any CPU
		{B9DE4CB7-5A32-4BDC-B6C5-7F53D75423A0}.AppStore|iPhone.Deploy.0 = Release|Any CPU
		{B9DE4CB7-5A32-4BDC-B6C5-7F53D75423A0}.AppStore|iPhoneSimulator.ActiveCfg = Release|Any CPU
		{B9DE4CB7-5A32-4BDC-B6C5-7F53D75423A0}.AppStore|iPhoneSimulator.Build.0 = Release|Any CPU
		{B9DE4CB7-5A32-4BDC-B6C5-7F53D75423A0}.AppStore|iPhoneSimulator.Deploy.0 = Release|Any CPU
		{B9DE4CB7-5A32-4BDC-B6C5-7F53D75423A0}.Debug|Any CPU.ActiveCfg = Debug|Any CPU
		{B9DE4CB7-5A32-4BDC-B6C5-7F53D75423A0}.Debug|Any CPU.Build.0 = Debug|Any CPU
		{B9DE4CB7-5A32-4BDC-B6C5-7F53D75423A0}.Debug|Any CPU.Deploy.0 = Debug|Any CPU
		{B9DE4CB7-5A32-4BDC-B6C5-7F53D75423A0}.Debug|iPhone.ActiveCfg = Debug|Any CPU
		{B9DE4CB7-5A32-4BDC-B6C5-7F53D75423A0}.Debug|iPhone.Build.0 = Debug|Any CPU
		{B9DE4CB7-5A32-4BDC-B6C5-7F53D75423A0}.Debug|iPhone.Deploy.0 = Debug|Any CPU
		{B9DE4CB7-5A32-4BDC-B6C5-7F53D75423A0}.Debug|iPhoneSimulator.ActiveCfg = Debug|Any CPU
		{B9DE4CB7-5A32-4BDC-B6C5-7F53D75423A0}.Debug|iPhoneSimulator.Build.0 = Debug|Any CPU
		{B9DE4CB7-5A32-4BDC-B6C5-7F53D75423A0}.Debug|iPhoneSimulator.Deploy.0 = Debug|Any CPU
		{B9DE4CB7-5A32-4BDC-B6C5-7F53D75423A0}.Release|Any CPU.ActiveCfg = Release|Any CPU
		{B9DE4CB7-5A32-4BDC-B6C5-7F53D75423A0}.Release|Any CPU.Build.0 = Release|Any CPU
		{B9DE4CB7-5A32-4BDC-B6C5-7F53D75423A0}.Release|Any CPU.Deploy.0 = Release|Any CPU
		{B9DE4CB7-5A32-4BDC-B6C5-7F53D75423A0}.Release|iPhone.ActiveCfg = Release|Any CPU
		{B9DE4CB7-5A32-4BDC-B6C5-7F53D75423A0}.Release|iPhone.Build.0 = Release|Any CPU
		{B9DE4CB7-5A32-4BDC-B6C5-7F53D75423A0}.Release|iPhone.Deploy.0 = Release|Any CPU
		{B9DE4CB7-5A32-4BDC-B6C5-7F53D75423A0}.Release|iPhoneSimulator.ActiveCfg = Release|Any CPU
		{B9DE4CB7-5A32-4BDC-B6C5-7F53D75423A0}.Release|iPhoneSimulator.Build.0 = Release|Any CPU
		{B9DE4CB7-5A32-4BDC-B6C5-7F53D75423A0}.Release|iPhoneSimulator.Deploy.0 = Release|Any CPU
		{E44B7442-A325-42CF-9DD3-93BEB5C659BE}.Ad-Hoc|Any CPU.ActiveCfg = Ad-Hoc|iPhone
		{E44B7442-A325-42CF-9DD3-93BEB5C659BE}.Ad-Hoc|Any CPU.Build.0 = Ad-Hoc|iPhone
		{E44B7442-A325-42CF-9DD3-93BEB5C659BE}.Ad-Hoc|Any CPU.Deploy.0 = Ad-Hoc|iPhone
		{E44B7442-A325-42CF-9DD3-93BEB5C659BE}.Ad-Hoc|iPhone.ActiveCfg = Ad-Hoc|iPhone
		{E44B7442-A325-42CF-9DD3-93BEB5C659BE}.Ad-Hoc|iPhone.Build.0 = Ad-Hoc|iPhone
		{E44B7442-A325-42CF-9DD3-93BEB5C659BE}.Ad-Hoc|iPhone.Deploy.0 = Ad-Hoc|iPhone
		{E44B7442-A325-42CF-9DD3-93BEB5C659BE}.Ad-Hoc|iPhoneSimulator.ActiveCfg = Ad-Hoc|iPhoneSimulator
		{E44B7442-A325-42CF-9DD3-93BEB5C659BE}.Ad-Hoc|iPhoneSimulator.Build.0 = Ad-Hoc|iPhoneSimulator
		{E44B7442-A325-42CF-9DD3-93BEB5C659BE}.Ad-Hoc|iPhoneSimulator.Deploy.0 = Ad-Hoc|iPhoneSimulator
		{E44B7442-A325-42CF-9DD3-93BEB5C659BE}.AppStore|Any CPU.ActiveCfg = AppStore|iPhone
		{E44B7442-A325-42CF-9DD3-93BEB5C659BE}.AppStore|Any CPU.Build.0 = AppStore|iPhone
		{E44B7442-A325-42CF-9DD3-93BEB5C659BE}.AppStore|Any CPU.Deploy.0 = AppStore|iPhone
		{E44B7442-A325-42CF-9DD3-93BEB5C659BE}.AppStore|iPhone.ActiveCfg = AppStore|iPhone
		{E44B7442-A325-42CF-9DD3-93BEB5C659BE}.AppStore|iPhone.Build.0 = AppStore|iPhone
		{E44B7442-A325-42CF-9DD3-93BEB5C659BE}.AppStore|iPhone.Deploy.0 = AppStore|iPhone
		{E44B7442-A325-42CF-9DD3-93BEB5C659BE}.AppStore|iPhoneSimulator.ActiveCfg = AppStore|iPhoneSimulator
		{E44B7442-A325-42CF-9DD3-93BEB5C659BE}.AppStore|iPhoneSimulator.Build.0 = AppStore|iPhoneSimulator
		{E44B7442-A325-42CF-9DD3-93BEB5C659BE}.AppStore|iPhoneSimulator.Deploy.0 = AppStore|iPhoneSimulator
		{E44B7442-A325-42CF-9DD3-93BEB5C659BE}.Debug|Any CPU.ActiveCfg = Debug|iPhoneSimulator
		{E44B7442-A325-42CF-9DD3-93BEB5C659BE}.Debug|Any CPU.Build.0 = Debug|iPhoneSimulator
		{E44B7442-A325-42CF-9DD3-93BEB5C659BE}.Debug|Any CPU.Deploy.0 = Debug|iPhoneSimulator
		{E44B7442-A325-42CF-9DD3-93BEB5C659BE}.Debug|iPhone.ActiveCfg = Debug|iPhone
		{E44B7442-A325-42CF-9DD3-93BEB5C659BE}.Debug|iPhone.Build.0 = Debug|iPhone
		{E44B7442-A325-42CF-9DD3-93BEB5C659BE}.Debug|iPhone.Deploy.0 = Debug|iPhone
		{E44B7442-A325-42CF-9DD3-93BEB5C659BE}.Debug|iPhoneSimulator.ActiveCfg = Debug|iPhoneSimulator
		{E44B7442-A325-42CF-9DD3-93BEB5C659BE}.Debug|iPhoneSimulator.Build.0 = Debug|iPhoneSimulator
		{E44B7442-A325-42CF-9DD3-93BEB5C659BE}.Debug|iPhoneSimulator.Deploy.0 = Debug|iPhoneSimulator
		{E44B7442-A325-42CF-9DD3-93BEB5C659BE}.Release|Any CPU.ActiveCfg = Release|iPhone
		{E44B7442-A325-42CF-9DD3-93BEB5C659BE}.Release|Any CPU.Build.0 = Release|iPhone
		{E44B7442-A325-42CF-9DD3-93BEB5C659BE}.Release|Any CPU.Deploy.0 = Release|iPhone
		{E44B7442-A325-42CF-9DD3-93BEB5C659BE}.Release|iPhone.ActiveCfg = Release|iPhone
		{E44B7442-A325-42CF-9DD3-93BEB5C659BE}.Release|iPhone.Build.0 = Release|iPhone
		{E44B7442-A325-42CF-9DD3-93BEB5C659BE}.Release|iPhone.Deploy.0 = Release|iPhone
		{E44B7442-A325-42CF-9DD3-93BEB5C659BE}.Release|iPhoneSimulator.ActiveCfg = Release|iPhoneSimulator
		{E44B7442-A325-42CF-9DD3-93BEB5C659BE}.Release|iPhoneSimulator.Build.0 = Release|iPhoneSimulator
		{E44B7442-A325-42CF-9DD3-93BEB5C659BE}.Release|iPhoneSimulator.Deploy.0 = Release|iPhoneSimulator
		{774F6F59-9E88-4625-8CA8-0C577920E627}.Ad-Hoc|Any CPU.ActiveCfg = Debug|Any CPU
		{774F6F59-9E88-4625-8CA8-0C577920E627}.Ad-Hoc|Any CPU.Build.0 = Debug|Any CPU
		{774F6F59-9E88-4625-8CA8-0C577920E627}.Ad-Hoc|Any CPU.Deploy.0 = Debug|Any CPU
		{774F6F59-9E88-4625-8CA8-0C577920E627}.Ad-Hoc|iPhone.ActiveCfg = Debug|Any CPU
		{774F6F59-9E88-4625-8CA8-0C577920E627}.Ad-Hoc|iPhone.Build.0 = Debug|Any CPU
		{774F6F59-9E88-4625-8CA8-0C577920E627}.Ad-Hoc|iPhone.Deploy.0 = Debug|Any CPU
		{774F6F59-9E88-4625-8CA8-0C577920E627}.Ad-Hoc|iPhoneSimulator.ActiveCfg = Debug|Any CPU
		{774F6F59-9E88-4625-8CA8-0C577920E627}.Ad-Hoc|iPhoneSimulator.Build.0 = Debug|Any CPU
		{774F6F59-9E88-4625-8CA8-0C577920E627}.Ad-Hoc|iPhoneSimulator.Deploy.0 = Debug|Any CPU
		{774F6F59-9E88-4625-8CA8-0C577920E627}.AppStore|Any CPU.ActiveCfg = Debug|Any CPU
		{774F6F59-9E88-4625-8CA8-0C577920E627}.AppStore|Any CPU.Build.0 = Debug|Any CPU
		{774F6F59-9E88-4625-8CA8-0C577920E627}.AppStore|Any CPU.Deploy.0 = Debug|Any CPU
		{774F6F59-9E88-4625-8CA8-0C577920E627}.AppStore|iPhone.ActiveCfg = Debug|Any CPU
		{774F6F59-9E88-4625-8CA8-0C577920E627}.AppStore|iPhone.Build.0 = Debug|Any CPU
		{774F6F59-9E88-4625-8CA8-0C577920E627}.AppStore|iPhone.Deploy.0 = Debug|Any CPU
		{774F6F59-9E88-4625-8CA8-0C577920E627}.AppStore|iPhoneSimulator.ActiveCfg = Debug|Any CPU
		{774F6F59-9E88-4625-8CA8-0C577920E627}.AppStore|iPhoneSimulator.Build.0 = Debug|Any CPU
		{774F6F59-9E88-4625-8CA8-0C577920E627}.AppStore|iPhoneSimulator.Deploy.0 = Debug|Any CPU
		{774F6F59-9E88-4625-8CA8-0C577920E627}.Debug|Any CPU.ActiveCfg = Debug|Any CPU
		{774F6F59-9E88-4625-8CA8-0C577920E627}.Debug|Any CPU.Build.0 = Debug|Any CPU
		{774F6F59-9E88-4625-8CA8-0C577920E627}.Debug|Any CPU.Deploy.0 = Debug|Any CPU
		{774F6F59-9E88-4625-8CA8-0C577920E627}.Debug|iPhone.ActiveCfg = Debug|Any CPU
		{774F6F59-9E88-4625-8CA8-0C577920E627}.Debug|iPhone.Build.0 = Debug|Any CPU
		{774F6F59-9E88-4625-8CA8-0C577920E627}.Debug|iPhone.Deploy.0 = Debug|Any CPU
		{774F6F59-9E88-4625-8CA8-0C577920E627}.Debug|iPhoneSimulator.ActiveCfg = Debug|Any CPU
		{774F6F59-9E88-4625-8CA8-0C577920E627}.Debug|iPhoneSimulator.Build.0 = Debug|Any CPU
		{774F6F59-9E88-4625-8CA8-0C577920E627}.Debug|iPhoneSimulator.Deploy.0 = Debug|Any CPU
		{774F6F59-9E88-4625-8CA8-0C577920E627}.Release|Any CPU.ActiveCfg = Release|Any CPU
		{774F6F59-9E88-4625-8CA8-0C577920E627}.Release|Any CPU.Build.0 = Release|Any CPU
		{774F6F59-9E88-4625-8CA8-0C577920E627}.Release|Any CPU.Deploy.0 = Release|Any CPU
		{774F6F59-9E88-4625-8CA8-0C577920E627}.Release|iPhone.ActiveCfg = Release|Any CPU
		{774F6F59-9E88-4625-8CA8-0C577920E627}.Release|iPhone.Build.0 = Release|Any CPU
		{774F6F59-9E88-4625-8CA8-0C577920E627}.Release|iPhone.Deploy.0 = Release|Any CPU
		{774F6F59-9E88-4625-8CA8-0C577920E627}.Release|iPhoneSimulator.ActiveCfg = Release|Any CPU
		{774F6F59-9E88-4625-8CA8-0C577920E627}.Release|iPhoneSimulator.Build.0 = Release|Any CPU
		{774F6F59-9E88-4625-8CA8-0C577920E627}.Release|iPhoneSimulator.Deploy.0 = Release|Any CPU
	EndGlobalSection
	GlobalSection(SolutionProperties) = preSolution
		HideSolutionNode = FALSE
	EndGlobalSection
	GlobalSection(ExtensibilityGlobals) = postSolution
		SolutionGuid = {CBE942B0-0C37-4404-896A-E9586DB0190A}
	EndGlobalSection
EndGlobal
